// !$*UTF8*$!
{
	archiveVersion = 1;
	classes = {
	};
	objectVersion = 50;
	objects = {

/* Begin PBXBuildFile section */
		7DC8DFB026538C3D003C7356 /* AppDelegate.swift in Sources */ = {isa = PBXBuildFile; fileRef = 7DC8DFAF26538C3D003C7356 /* AppDelegate.swift */; };
		7DC8DFB226538C3D003C7356 /* SceneDelegate.swift in Sources */ = {isa = PBXBuildFile; fileRef = 7DC8DFB126538C3D003C7356 /* SceneDelegate.swift */; };
		7DC8DFB426538C3D003C7356 /* ViewController.swift in Sources */ = {isa = PBXBuildFile; fileRef = 7DC8DFB326538C3D003C7356 /* ViewController.swift */; };
		7DC8DFB726538C3D003C7356 /* Main.storyboard in Resources */ = {isa = PBXBuildFile; fileRef = 7DC8DFB526538C3D003C7356 /* Main.storyboard */; };
		7DC8DFB926538C3E003C7356 /* Assets.xcassets in Resources */ = {isa = PBXBuildFile; fileRef = 7DC8DFB826538C3E003C7356 /* Assets.xcassets */; };
		7DC8DFBC26538C3E003C7356 /* LaunchScreen.storyboard in Resources */ = {isa = PBXBuildFile; fileRef = 7DC8DFBA26538C3E003C7356 /* LaunchScreen.storyboard */; };
		7DC8DFC726538C3F003C7356 /* TicTacToeTests.swift in Sources */ = {isa = PBXBuildFile; fileRef = 7DC8DFC626538C3F003C7356 /* TicTacToeTests.swift */; };
		7DC8DFD226538C3F003C7356 /* TicTacToeUITests.swift in Sources */ = {isa = PBXBuildFile; fileRef = 7DC8DFD126538C3F003C7356 /* TicTacToeUITests.swift */; };
		7DC8DFE426541AE9003C7356 /* XCUIElement+Extension.swift in Sources */ = {isa = PBXBuildFile; fileRef = 7DC8DFE326541AE9003C7356 /* XCUIElement+Extension.swift */; };
		7DC8DFE826563A3E003C7356 /* Player.swift in Sources */ = {isa = PBXBuildFile; fileRef = 7DC8DFE726563A3D003C7356 /* Player.swift */; };
/* End PBXBuildFile section */

/* Begin PBXContainerItemProxy section */
		7DC8DFC326538C3F003C7356 /* PBXContainerItemProxy */ = {
			isa = PBXContainerItemProxy;
			containerPortal = 7DC8DFA426538C3D003C7356 /* Project object */;
			proxyType = 1;
			remoteGlobalIDString = 7DC8DFAB26538C3D003C7356;
			remoteInfo = TicTacToe;
		};
		7DC8DFCE26538C3F003C7356 /* PBXContainerItemProxy */ = {
			isa = PBXContainerItemProxy;
			containerPortal = 7DC8DFA426538C3D003C7356 /* Project object */;
			proxyType = 1;
			remoteGlobalIDString = 7DC8DFAB26538C3D003C7356;
			remoteInfo = TicTacToe;
		};
/* End PBXContainerItemProxy section */

/* Begin PBXFileReference section */
		7DC8DFAC26538C3D003C7356 /* TicTacToe.app */ = {isa = PBXFileReference; explicitFileType = wrapper.application; includeInIndex = 0; path = TicTacToe.app; sourceTree = BUILT_PRODUCTS_DIR; };
		7DC8DFAF26538C3D003C7356 /* AppDelegate.swift */ = {isa = PBXFileReference; lastKnownFileType = sourcecode.swift; path = AppDelegate.swift; sourceTree = "<group>"; };
		7DC8DFB126538C3D003C7356 /* SceneDelegate.swift */ = {isa = PBXFileReference; lastKnownFileType = sourcecode.swift; path = SceneDelegate.swift; sourceTree = "<group>"; };
		7DC8DFB326538C3D003C7356 /* ViewController.swift */ = {isa = PBXFileReference; lastKnownFileType = sourcecode.swift; path = ViewController.swift; sourceTree = "<group>"; };
		7DC8DFB626538C3D003C7356 /* Base */ = {isa = PBXFileReference; lastKnownFileType = file.storyboard; name = Base; path = Base.lproj/Main.storyboard; sourceTree = "<group>"; };
		7DC8DFB826538C3E003C7356 /* Assets.xcassets */ = {isa = PBXFileReference; lastKnownFileType = folder.assetcatalog; path = Assets.xcassets; sourceTree = "<group>"; };
		7DC8DFBB26538C3E003C7356 /* Base */ = {isa = PBXFileReference; lastKnownFileType = file.storyboard; name = Base; path = Base.lproj/LaunchScreen.storyboard; sourceTree = "<group>"; };
		7DC8DFBD26538C3E003C7356 /* Info.plist */ = {isa = PBXFileReference; lastKnownFileType = text.plist.xml; path = Info.plist; sourceTree = "<group>"; };
		7DC8DFC226538C3F003C7356 /* TicTacToeTests.xctest */ = {isa = PBXFileReference; explicitFileType = wrapper.cfbundle; includeInIndex = 0; path = TicTacToeTests.xctest; sourceTree = BUILT_PRODUCTS_DIR; };
		7DC8DFC626538C3F003C7356 /* TicTacToeTests.swift */ = {isa = PBXFileReference; lastKnownFileType = sourcecode.swift; path = TicTacToeTests.swift; sourceTree = "<group>"; };
		7DC8DFC826538C3F003C7356 /* Info.plist */ = {isa = PBXFileReference; lastKnownFileType = text.plist.xml; path = Info.plist; sourceTree = "<group>"; };
		7DC8DFCD26538C3F003C7356 /* TicTacToeUITests.xctest */ = {isa = PBXFileReference; explicitFileType = wrapper.cfbundle; includeInIndex = 0; path = TicTacToeUITests.xctest; sourceTree = BUILT_PRODUCTS_DIR; };
		7DC8DFD126538C3F003C7356 /* TicTacToeUITests.swift */ = {isa = PBXFileReference; lastKnownFileType = sourcecode.swift; path = TicTacToeUITests.swift; sourceTree = "<group>"; };
		7DC8DFD326538C3F003C7356 /* Info.plist */ = {isa = PBXFileReference; lastKnownFileType = text.plist.xml; path = Info.plist; sourceTree = "<group>"; };
		7DC8DFE326541AE9003C7356 /* XCUIElement+Extension.swift */ = {isa = PBXFileReference; lastKnownFileType = sourcecode.swift; path = "XCUIElement+Extension.swift"; sourceTree = "<group>"; };
		7DC8DFE726563A3D003C7356 /* Player.swift */ = {isa = PBXFileReference; fileEncoding = 4; lastKnownFileType = sourcecode.swift; path = Player.swift; sourceTree = "<group>"; };
/* End PBXFileReference section */

/* Begin PBXFrameworksBuildPhase section */
		7DC8DFA926538C3D003C7356 /* Frameworks */ = {
			isa = PBXFrameworksBuildPhase;
			buildActionMask = 2147483647;
			files = (
			);
			runOnlyForDeploymentPostprocessing = 0;
		};
		7DC8DFBF26538C3F003C7356 /* Frameworks */ = {
			isa = PBXFrameworksBuildPhase;
			buildActionMask = 2147483647;
			files = (
			);
			runOnlyForDeploymentPostprocessing = 0;
		};
		7DC8DFCA26538C3F003C7356 /* Frameworks */ = {
			isa = PBXFrameworksBuildPhase;
			buildActionMask = 2147483647;
			files = (
			);
			runOnlyForDeploymentPostprocessing = 0;
		};
/* End PBXFrameworksBuildPhase section */

/* Begin PBXGroup section */
		7DC8DFA326538C3D003C7356 = {
			isa = PBXGroup;
			children = (
				7DC8DFAE26538C3D003C7356 /* TicTacToe */,
				7DC8DFC526538C3F003C7356 /* TicTacToeTests */,
				7DC8DFD026538C3F003C7356 /* TicTacToeUITests */,
				7DC8DFAD26538C3D003C7356 /* Products */,
			);
			sourceTree = "<group>";
		};
		7DC8DFAD26538C3D003C7356 /* Products */ = {
			isa = PBXGroup;
			children = (
				7DC8DFAC26538C3D003C7356 /* TicTacToe.app */,
				7DC8DFC226538C3F003C7356 /* TicTacToeTests.xctest */,
				7DC8DFCD26538C3F003C7356 /* TicTacToeUITests.xctest */,
			);
			name = Products;
			sourceTree = "<group>";
		};
		7DC8DFAE26538C3D003C7356 /* TicTacToe */ = {
			isa = PBXGroup;
			children = (
				7DC8DFAF26538C3D003C7356 /* AppDelegate.swift */,
				7DC8DFB126538C3D003C7356 /* SceneDelegate.swift */,
				7DC8DFB326538C3D003C7356 /* ViewController.swift */,
				7DC8DFE726563A3D003C7356 /* Player.swift */,
				7DC8DFB526538C3D003C7356 /* Main.storyboard */,
				7DC8DFB826538C3E003C7356 /* Assets.xcassets */,
				7DC8DFBA26538C3E003C7356 /* LaunchScreen.storyboard */,
				7DC8DFBD26538C3E003C7356 /* Info.plist */,
			);
			path = TicTacToe;
			sourceTree = "<group>";
		};
		7DC8DFC526538C3F003C7356 /* TicTacToeTests */ = {
			isa = PBXGroup;
			children = (
				7DC8DFC626538C3F003C7356 /* TicTacToeTests.swift */,
				7DC8DFC826538C3F003C7356 /* Info.plist */,
			);
			path = TicTacToeTests;
			sourceTree = "<group>";
		};
		7DC8DFD026538C3F003C7356 /* TicTacToeUITests */ = {
			isa = PBXGroup;
			children = (
				7DC8DFE226541AC8003C7356 /* Helper */,
				7DC8DFD126538C3F003C7356 /* TicTacToeUITests.swift */,
				7DC8DFD326538C3F003C7356 /* Info.plist */,
			);
			path = TicTacToeUITests;
			sourceTree = "<group>";
		};
		7DC8DFE226541AC8003C7356 /* Helper */ = {
			isa = PBXGroup;
			children = (
				7DC8DFE326541AE9003C7356 /* XCUIElement+Extension.swift */,
			);
			path = Helper;
			sourceTree = "<group>";
		};
/* End PBXGroup section */

/* Begin PBXNativeTarget section */
		7DC8DFAB26538C3D003C7356 /* TicTacToe */ = {
			isa = PBXNativeTarget;
			buildConfigurationList = 7DC8DFD626538C3F003C7356 /* Build configuration list for PBXNativeTarget "TicTacToe" */;
			buildPhases = (
				7DC8DFA826538C3D003C7356 /* Sources */,
				7DC8DFA926538C3D003C7356 /* Frameworks */,
				7DC8DFAA26538C3D003C7356 /* Resources */,
			);
			buildRules = (
			);
			dependencies = (
			);
			name = TicTacToe;
			productName = TicTacToe;
			productReference = 7DC8DFAC26538C3D003C7356 /* TicTacToe.app */;
			productType = "com.apple.product-type.application";
		};
		7DC8DFC126538C3F003C7356 /* TicTacToeTests */ = {
			isa = PBXNativeTarget;
			buildConfigurationList = 7DC8DFD926538C3F003C7356 /* Build configuration list for PBXNativeTarget "TicTacToeTests" */;
			buildPhases = (
				7DC8DFBE26538C3F003C7356 /* Sources */,
				7DC8DFBF26538C3F003C7356 /* Frameworks */,
				7DC8DFC026538C3F003C7356 /* Resources */,
			);
			buildRules = (
			);
			dependencies = (
				7DC8DFC426538C3F003C7356 /* PBXTargetDependency */,
			);
			name = TicTacToeTests;
			productName = TicTacToeTests;
			productReference = 7DC8DFC226538C3F003C7356 /* TicTacToeTests.xctest */;
			productType = "com.apple.product-type.bundle.unit-test";
		};
		7DC8DFCC26538C3F003C7356 /* TicTacToeUITests */ = {
			isa = PBXNativeTarget;
			buildConfigurationList = 7DC8DFDC26538C3F003C7356 /* Build configuration list for PBXNativeTarget "TicTacToeUITests" */;
			buildPhases = (
				7DC8DFC926538C3F003C7356 /* Sources */,
				7DC8DFCA26538C3F003C7356 /* Frameworks */,
				7DC8DFCB26538C3F003C7356 /* Resources */,
			);
			buildRules = (
			);
			dependencies = (
				7DC8DFCF26538C3F003C7356 /* PBXTargetDependency */,
			);
			name = TicTacToeUITests;
			productName = TicTacToeUITests;
			productReference = 7DC8DFCD26538C3F003C7356 /* TicTacToeUITests.xctest */;
			productType = "com.apple.product-type.bundle.ui-testing";
		};
/* End PBXNativeTarget section */

/* Begin PBXProject section */
		7DC8DFA426538C3D003C7356 /* Project object */ = {
			isa = PBXProject;
			attributes = {
				LastSwiftUpdateCheck = 1250;
				LastUpgradeCheck = 1250;
				TargetAttributes = {
					7DC8DFAB26538C3D003C7356 = {
						CreatedOnToolsVersion = 12.5;
					};
					7DC8DFC126538C3F003C7356 = {
						CreatedOnToolsVersion = 12.5;
						TestTargetID = 7DC8DFAB26538C3D003C7356;
					};
					7DC8DFCC26538C3F003C7356 = {
						CreatedOnToolsVersion = 12.5;
						TestTargetID = 7DC8DFAB26538C3D003C7356;
					};
				};
			};
			buildConfigurationList = 7DC8DFA726538C3D003C7356 /* Build configuration list for PBXProject "TicTacToe" */;
			compatibilityVersion = "Xcode 9.3";
			developmentRegion = en;
			hasScannedForEncodings = 0;
			knownRegions = (
				en,
				Base,
			);
			mainGroup = 7DC8DFA326538C3D003C7356;
			productRefGroup = 7DC8DFAD26538C3D003C7356 /* Products */;
			projectDirPath = "";
			projectRoot = "";
			targets = (
				7DC8DFAB26538C3D003C7356 /* TicTacToe */,
				7DC8DFC126538C3F003C7356 /* TicTacToeTests */,
				7DC8DFCC26538C3F003C7356 /* TicTacToeUITests */,
			);
		};
/* End PBXProject section */

/* Begin PBXResourcesBuildPhase section */
		7DC8DFAA26538C3D003C7356 /* Resources */ = {
			isa = PBXResourcesBuildPhase;
			buildActionMask = 2147483647;
			files = (
				7DC8DFBC26538C3E003C7356 /* LaunchScreen.storyboard in Resources */,
				7DC8DFB926538C3E003C7356 /* Assets.xcassets in Resources */,
				7DC8DFB726538C3D003C7356 /* Main.storyboard in Resources */,
			);
			runOnlyForDeploymentPostprocessing = 0;
		};
		7DC8DFC026538C3F003C7356 /* Resources */ = {
			isa = PBXResourcesBuildPhase;
			buildActionMask = 2147483647;
			files = (
			);
			runOnlyForDeploymentPostprocessing = 0;
		};
		7DC8DFCB26538C3F003C7356 /* Resources */ = {
			isa = PBXResourcesBuildPhase;
			buildActionMask = 2147483647;
			files = (
			);
			runOnlyForDeploymentPostprocessing = 0;
		};
/* End PBXResourcesBuildPhase section */

/* Begin PBXSourcesBuildPhase section */
		7DC8DFA826538C3D003C7356 /* Sources */ = {
			isa = PBXSourcesBuildPhase;
			buildActionMask = 2147483647;
			files = (
				7DC8DFE826563A3E003C7356 /* Player.swift in Sources */,
				7DC8DFB426538C3D003C7356 /* ViewController.swift in Sources */,
				7DC8DFB026538C3D003C7356 /* AppDelegate.swift in Sources */,
				7DC8DFB226538C3D003C7356 /* SceneDelegate.swift in Sources */,
			);
			runOnlyForDeploymentPostprocessing = 0;
		};
		7DC8DFBE26538C3F003C7356 /* Sources */ = {
			isa = PBXSourcesBuildPhase;
			buildActionMask = 2147483647;
			files = (
				7DC8DFC726538C3F003C7356 /* TicTacToeTests.swift in Sources */,
			);
			runOnlyForDeploymentPostprocessing = 0;
		};
		7DC8DFC926538C3F003C7356 /* Sources */ = {
			isa = PBXSourcesBuildPhase;
			buildActionMask = 2147483647;
			files = (
				7DC8DFD226538C3F003C7356 /* TicTacToeUITests.swift in Sources */,
				7DC8DFE426541AE9003C7356 /* XCUIElement+Extension.swift in Sources */,
			);
			runOnlyForDeploymentPostprocessing = 0;
		};
/* End PBXSourcesBuildPhase section */

/* Begin PBXTargetDependency section */
		7DC8DFC426538C3F003C7356 /* PBXTargetDependency */ = {
			isa = PBXTargetDependency;
			target = 7DC8DFAB26538C3D003C7356 /* TicTacToe */;
			targetProxy = 7DC8DFC326538C3F003C7356 /* PBXContainerItemProxy */;
		};
		7DC8DFCF26538C3F003C7356 /* PBXTargetDependency */ = {
			isa = PBXTargetDependency;
			target = 7DC8DFAB26538C3D003C7356 /* TicTacToe */;
			targetProxy = 7DC8DFCE26538C3F003C7356 /* PBXContainerItemProxy */;
		};
/* End PBXTargetDependency section */

/* Begin PBXVariantGroup section */
		7DC8DFB526538C3D003C7356 /* Main.storyboard */ = {
			isa = PBXVariantGroup;
			children = (
				7DC8DFB626538C3D003C7356 /* Base */,
			);
			name = Main.storyboard;
			sourceTree = "<group>";
		};
		7DC8DFBA26538C3E003C7356 /* LaunchScreen.storyboard */ = {
			isa = PBXVariantGroup;
			children = (
				7DC8DFBB26538C3E003C7356 /* Base */,
			);
			name = LaunchScreen.storyboard;
			sourceTree = "<group>";
		};
/* End PBXVariantGroup section */

/* Begin XCBuildConfiguration section */
		7DC8DFD426538C3F003C7356 /* Debug */ = {
			isa = XCBuildConfiguration;
			buildSettings = {
				ALWAYS_SEARCH_USER_PATHS = NO;
				CLANG_ANALYZER_NONNULL = YES;
				CLANG_ANALYZER_NUMBER_OBJECT_CONVERSION = YES_AGGRESSIVE;
				CLANG_CXX_LANGUAGE_STANDARD = "gnu++14";
				CLANG_CXX_LIBRARY = "libc++";
				CLANG_ENABLE_MODULES = YES;
				CLANG_ENABLE_OBJC_ARC = YES;
				CLANG_ENABLE_OBJC_WEAK = YES;
				CLANG_WARN_BLOCK_CAPTURE_AUTORELEASING = YES;
				CLANG_WARN_BOOL_CONVERSION = YES;
				CLANG_WARN_COMMA = YES;
				CLANG_WARN_CONSTANT_CONVERSION = YES;
				CLANG_WARN_DEPRECATED_OBJC_IMPLEMENTATIONS = YES;
				CLANG_WARN_DIRECT_OBJC_ISA_USAGE = YES_ERROR;
				CLANG_WARN_DOCUMENTATION_COMMENTS = YES;
				CLANG_WARN_EMPTY_BODY = YES;
				CLANG_WARN_ENUM_CONVERSION = YES;
				CLANG_WARN_INFINITE_RECURSION = YES;
				CLANG_WARN_INT_CONVERSION = YES;
				CLANG_WARN_NON_LITERAL_NULL_CONVERSION = YES;
				CLANG_WARN_OBJC_IMPLICIT_RETAIN_SELF = YES;
				CLANG_WARN_OBJC_LITERAL_CONVERSION = YES;
				CLANG_WARN_OBJC_ROOT_CLASS = YES_ERROR;
				CLANG_WARN_QUOTED_INCLUDE_IN_FRAMEWORK_HEADER = YES;
				CLANG_WARN_RANGE_LOOP_ANALYSIS = YES;
				CLANG_WARN_STRICT_PROTOTYPES = YES;
				CLANG_WARN_SUSPICIOUS_MOVE = YES;
				CLANG_WARN_UNGUARDED_AVAILABILITY = YES_AGGRESSIVE;
				CLANG_WARN_UNREACHABLE_CODE = YES;
				CLANG_WARN__DUPLICATE_METHOD_MATCH = YES;
				COPY_PHASE_STRIP = NO;
				DEBUG_INFORMATION_FORMAT = dwarf;
				ENABLE_STRICT_OBJC_MSGSEND = YES;
				ENABLE_TESTABILITY = YES;
				GCC_C_LANGUAGE_STANDARD = gnu11;
				GCC_DYNAMIC_NO_PIC = NO;
				GCC_NO_COMMON_BLOCKS = YES;
				GCC_OPTIMIZATION_LEVEL = 0;
				GCC_PREPROCESSOR_DEFINITIONS = (
					"DEBUG=1",
					"$(inherited)",
				);
				GCC_WARN_64_TO_32_BIT_CONVERSION = YES;
				GCC_WARN_ABOUT_RETURN_TYPE = YES_ERROR;
				GCC_WARN_UNDECLARED_SELECTOR = YES;
				GCC_WARN_UNINITIALIZED_AUTOS = YES_AGGRESSIVE;
				GCC_WARN_UNUSED_FUNCTION = YES;
				GCC_WARN_UNUSED_VARIABLE = YES;
				IPHONEOS_DEPLOYMENT_TARGET = 14.5;
				MTL_ENABLE_DEBUG_INFO = INCLUDE_SOURCE;
				MTL_FAST_MATH = YES;
				ONLY_ACTIVE_ARCH = YES;
				SDKROOT = iphoneos;
				SWIFT_ACTIVE_COMPILATION_CONDITIONS = DEBUG;
				SWIFT_OPTIMIZATION_LEVEL = "-Onone";
			};
			name = Debug;
		};
		7DC8DFD526538C3F003C7356 /* Release */ = {
			isa = XCBuildConfiguration;
			buildSettings = {
				ALWAYS_SEARCH_USER_PATHS = NO;
				CLANG_ANALYZER_NONNULL = YES;
				CLANG_ANALYZER_NUMBER_OBJECT_CONVERSION = YES_AGGRESSIVE;
				CLANG_CXX_LANGUAGE_STANDARD = "gnu++14";
				CLANG_CXX_LIBRARY = "libc++";
				CLANG_ENABLE_MODULES = YES;
				CLANG_ENABLE_OBJC_ARC = YES;
				CLANG_ENABLE_OBJC_WEAK = YES;
				CLANG_WARN_BLOCK_CAPTURE_AUTORELEASING = YES;
				CLANG_WARN_BOOL_CONVERSION = YES;
				CLANG_WARN_COMMA = YES;
				CLANG_WARN_CONSTANT_CONVERSION = YES;
				CLANG_WARN_DEPRECATED_OBJC_IMPLEMENTATIONS = YES;
				CLANG_WARN_DIRECT_OBJC_ISA_USAGE = YES_ERROR;
				CLANG_WARN_DOCUMENTATION_COMMENTS = YES;
				CLANG_WARN_EMPTY_BODY = YES;
				CLANG_WARN_ENUM_CONVERSION = YES;
				CLANG_WARN_INFINITE_RECURSION = YES;
				CLANG_WARN_INT_CONVERSION = YES;
				CLANG_WARN_NON_LITERAL_NULL_CONVERSION = YES;
				CLANG_WARN_OBJC_IMPLICIT_RETAIN_SELF = YES;
				CLANG_WARN_OBJC_LITERAL_CONVERSION = YES;
				CLANG_WARN_OBJC_ROOT_CLASS = YES_ERROR;
				CLANG_WARN_QUOTED_INCLUDE_IN_FRAMEWORK_HEADER = YES;
				CLANG_WARN_RANGE_LOOP_ANALYSIS = YES;
				CLANG_WARN_STRICT_PROTOTYPES = YES;
				CLANG_WARN_SUSPICIOUS_MOVE = YES;
				CLANG_WARN_UNGUARDED_AVAILABILITY = YES_AGGRESSIVE;
				CLANG_WARN_UNREACHABLE_CODE = YES;
				CLANG_WARN__DUPLICATE_METHOD_MATCH = YES;
				COPY_PHASE_STRIP = NO;
				DEBUG_INFORMATION_FORMAT = "dwarf-with-dsym";
				ENABLE_NS_ASSERTIONS = NO;
				ENABLE_STRICT_OBJC_MSGSEND = YES;
				GCC_C_LANGUAGE_STANDARD = gnu11;
				GCC_NO_COMMON_BLOCKS = YES;
				GCC_WARN_64_TO_32_BIT_CONVERSION = YES;
				GCC_WARN_ABOUT_RETURN_TYPE = YES_ERROR;
				GCC_WARN_UNDECLARED_SELECTOR = YES;
				GCC_WARN_UNINITIALIZED_AUTOS = YES_AGGRESSIVE;
				GCC_WARN_UNUSED_FUNCTION = YES;
				GCC_WARN_UNUSED_VARIABLE = YES;
				IPHONEOS_DEPLOYMENT_TARGET = 14.5;
				MTL_ENABLE_DEBUG_INFO = NO;
				MTL_FAST_MATH = YES;
				SDKROOT = iphoneos;
				SWIFT_COMPILATION_MODE = wholemodule;
				SWIFT_OPTIMIZATION_LEVEL = "-O";
				VALIDATE_PRODUCT = YES;
			};
			name = Release;
		};
		7DC8DFD726538C3F003C7356 /* Debug */ = {
			isa = XCBuildConfiguration;
			buildSettings = {
				ASSETCATALOG_COMPILER_APPICON_NAME = AppIcon;
				ASSETCATALOG_COMPILER_GLOBAL_ACCENT_COLOR_NAME = AccentColor;
				CODE_SIGN_STYLE = Automatic;
				INFOPLIST_FILE = TicTacToe/Info.plist;
				LD_RUNPATH_SEARCH_PATHS = (
					"$(inherited)",
					"@executable_path/Frameworks",
				);
				PRODUCT_BUNDLE_IDENTIFIER = fr.kickyourapp.TicTacToe;
				PRODUCT_NAME = "$(TARGET_NAME)";
				SWIFT_VERSION = 5.0;
				TARGETED_DEVICE_FAMILY = "1,2";
			};
			name = Debug;
		};
		7DC8DFD826538C3F003C7356 /* Release */ = {
			isa = XCBuildConfiguration;
			buildSettings = {
				ASSETCATALOG_COMPILER_APPICON_NAME = AppIcon;
				ASSETCATALOG_COMPILER_GLOBAL_ACCENT_COLOR_NAME = AccentColor;
				CODE_SIGN_STYLE = Automatic;
				INFOPLIST_FILE = TicTacToe/Info.plist;
				LD_RUNPATH_SEARCH_PATHS = (
					"$(inherited)",
					"@executable_path/Frameworks",
				);
				PRODUCT_BUNDLE_IDENTIFIER = fr.kickyourapp.TicTacToe;
				PRODUCT_NAME = "$(TARGET_NAME)";
				SWIFT_VERSION = 5.0;
				TARGETED_DEVICE_FAMILY = "1,2";
			};
			name = Release;
		};
		7DC8DFDA26538C3F003C7356 /* Debug */ = {
			isa = XCBuildConfiguration;
			buildSettings = {
				ALWAYS_EMBED_SWIFT_STANDARD_LIBRARIES = YES;
				BUNDLE_LOADER = "$(TEST_HOST)";
				CODE_SIGN_STYLE = Automatic;
				INFOPLIST_FILE = TicTacToeTests/Info.plist;
				IPHONEOS_DEPLOYMENT_TARGET = 14.5;
				LD_RUNPATH_SEARCH_PATHS = (
					"$(inherited)",
					"@executable_path/Frameworks",
					"@loader_path/Frameworks",
				);
				PRODUCT_BUNDLE_IDENTIFIER = fr.kickyourapp.TicTacToeTests;
				PRODUCT_NAME = "$(TARGET_NAME)";
				SWIFT_VERSION = 5.0;
				TARGETED_DEVICE_FAMILY = "1,2";
				TEST_HOST = "$(BUILT_PRODUCTS_DIR)/TicTacToe.app/TicTacToe";
			};
			name = Debug;
		};
		7DC8DFDB26538C3F003C7356 /* Release */ = {
			isa = XCBuildConfiguration;
			buildSettings = {
				ALWAYS_EMBED_SWIFT_STANDARD_LIBRARIES = YES;
				BUNDLE_LOADER = "$(TEST_HOST)";
				CODE_SIGN_STYLE = Automatic;
				INFOPLIST_FILE = TicTacToeTests/Info.plist;
				IPHONEOS_DEPLOYMENT_TARGET = 14.5;
				LD_RUNPATH_SEARCH_PATHS = (
					"$(inherited)",
					"@executable_path/Frameworks",
					"@loader_path/Frameworks",
				);
				PRODUCT_BUNDLE_IDENTIFIER = fr.kickyourapp.TicTacToeTests;
				PRODUCT_NAME = "$(TARGET_NAME)";
				SWIFT_VERSION = 5.0;
				TARGETED_DEVICE_FAMILY = "1,2";
				TEST_HOST = "$(BUILT_PRODUCTS_DIR)/TicTacToe.app/TicTacToe";
			};
			name = Release;
		};
		7DC8DFDD26538C3F003C7356 /* Debug */ = {
			isa = XCBuildConfiguration;
			buildSettings = {
				ALWAYS_EMBED_SWIFT_STANDARD_LIBRARIES = YES;
				CODE_SIGN_STYLE = Automatic;
				INFOPLIST_FILE = TicTacToeUITests/Info.plist;
				LD_RUNPATH_SEARCH_PATHS = (
					"$(inherited)",
					"@executable_path/Frameworks",
					"@loader_path/Frameworks",
				);
				PRODUCT_BUNDLE_IDENTIFIER = fr.kickyourapp.TicTacToeUITests;
				PRODUCT_NAME = "$(TARGET_NAME)";
				SWIFT_VERSION = 5.0;
				TARGETED_DEVICE_FAMILY = "1,2";
				TEST_TARGET_NAME = TicTacToe;
			};
			name = Debug;
		};
		7DC8DFDE26538C3F003C7356 /* Release */ = {
			isa = XCBuildConfiguration;
			buildSettings = {
				ALWAYS_EMBED_SWIFT_STANDARD_LIBRARIES = YES;
				CODE_SIGN_STYLE = Automatic;
				INFOPLIST_FILE = TicTacToeUITests/Info.plist;
				LD_RUNPATH_SEARCH_PATHS = (
					"$(inherited)",
					"@executable_path/Frameworks",
					"@loader_path/Frameworks",
				);
				PRODUCT_BUNDLE_IDENTIFIER = fr.kickyourapp.TicTacToeUITests;
				PRODUCT_NAME = "$(TARGET_NAME)";
				SWIFT_VERSION = 5.0;
				TARGETED_DEVICE_FAMILY = "1,2";
				TEST_TARGET_NAME = TicTacToe;
			};
			name = Release;
		};
/* End XCBuildConfiguration section */

/* Begin XCConfigurationList section */
		7DC8DFA726538C3D003C7356 /* Build configuration list for PBXProject "TicTacToe" */ = {
			isa = XCConfigurationList;
			buildConfigurations = (
				7DC8DFD426538C3F003C7356 /* Debug */,
				7DC8DFD526538C3F003C7356 /* Release */,
			);
			defaultConfigurationIsVisible = 0;
			defaultConfigurationName = Release;
		};
		7DC8DFD626538C3F003C7356 /* Build configuration list for PBXNativeTarget "TicTacToe" */ = {
			isa = XCConfigurationList;
			buildConfigurations = (
				7DC8DFD726538C3F003C7356 /* Debug */,
				7DC8DFD826538C3F003C7356 /* Release */,
			);
			defaultConfigurationIsVisible = 0;
			defaultConfigurationName = Release;
		};
		7DC8DFD926538C3F003C7356 /* Build configuration list for PBXNativeTarget "TicTacToeTests" */ = {
			isa = XCConfigurationList;
			buildConfigurations = (
				7DC8DFDA26538C3F003C7356 /* Debug */,
				7DC8DFDB26538C3F003C7356 /* Release */,
			);
			defaultConfigurationIsVisible = 0;
			defaultConfigurationName = Release;
		};
		7DC8DFDC26538C3F003C7356 /* Build configuration list for PBXNativeTarget "TicTacToeUITests" */ = {
			isa = XCConfigurationList;
			buildConfigurations = (
				7DC8DFDD26538C3F003C7356 /* Debug */,
				7DC8DFDE26538C3F003C7356 /* Release */,
			);
			defaultConfigurationIsVisible = 0;
			defaultConfigurationName = Release;
		};
/* End XCConfigurationList section */
	};
	rootObject = 7DC8DFA426538C3D003C7356 /* Project object */;
}
